
Microsoft Visual Studio Solution File, Format Version 12.00
# Visual Studio Version 16
VisualStudioVersion = 16.0.30413.136
MinimumVisualStudioVersion = 10.0.40219.1
Project("{FAE04EC0-301F-11D3-BF4B-00C04F79EFBC}") = "sPlannedIt", "sPlannedIt.csproj", "{D8E6ED1A-9199-4289-85AF-5FA7B44BC716}"
EndProject
Project("{FAE04EC0-301F-11D3-BF4B-00C04F79EFBC}") = "sPlannedIt.Logic", "..\sPlannedIt.Logic\sPlannedIt.Logic.csproj", "{2EBD2F8C-D400-486E-98C7-E96E3124AD78}"
EndProject
Project("{FAE04EC0-301F-11D3-BF4B-00C04F79EFBC}") = "sPlannedIt.Data", "..\sPlannedIt.Data\sPlannedIt.Data.csproj", "{30631994-F52C-43F6-B01A-271182AF22EB}"
EndProject
Project("{FAE04EC0-301F-11D3-BF4B-00C04F79EFBC}") = "sPlannedIt.Interface", "..\sPlannedIt.Interface\sPlannedIt.Interface.csproj", "{BFEEBED8-089C-45DD-B639-0FA0CEF49D66}"
EndProject
Global
	GlobalSection(SolutionConfigurationPlatforms) = preSolution
		Debug|Any CPU = Debug|Any CPU
		Release|Any CPU = Release|Any CPU
	EndGlobalSection
	GlobalSection(ProjectConfigurationPlatforms) = postSolution
		{D8E6ED1A-9199-4289-85AF-5FA7B44BC716}.Debug|Any CPU.ActiveCfg = Debug|Any CPU
		{D8E6ED1A-9199-4289-85AF-5FA7B44BC716}.Debug|Any CPU.Build.0 = Debug|Any CPU
		{D8E6ED1A-9199-4289-85AF-5FA7B44BC716}.Release|Any CPU.ActiveCfg = Release|Any CPU
		{D8E6ED1A-9199-4289-85AF-5FA7B44BC716}.Release|Any CPU.Build.0 = Release|Any CPU
		{2EBD2F8C-D400-486E-98C7-E96E3124AD78}.Debug|Any CPU.ActiveCfg = Debug|Any CPU
		{2EBD2F8C-D400-486E-98C7-E96E3124AD78}.Debug|Any CPU.Build.0 = Debug|Any CPU
		{2EBD2F8C-D400-486E-98C7-E96E3124AD78}.Release|Any CPU.ActiveCfg = Release|Any CPU
		{2EBD2F8C-D400-486E-98C7-E96E3124AD78}.Release|Any CPU.Build.0 = Release|Any CPU
		{30631994-F52C-43F6-B01A-271182AF22EB}.Debug|Any CPU.ActiveCfg = Debug|Any CPU
		{30631994-F52C-43F6-B01A-271182AF22EB}.Debug|Any CPU.Build.0 = Debug|Any CPU
		{30631994-F52C-43F6-B01A-271182AF22EB}.Release|Any CPU.ActiveCfg = Release|Any CPU
		{30631994-F52C-43F6-B01A-271182AF22EB}.Release|Any CPU.Build.0 = Release|Any CPU
		{BFEEBED8-089C-45DD-B639-0FA0CEF49D66}.Debug|Any CPU.ActiveCfg = Debug|Any CPU
		{BFEEBED8-089C-45DD-B639-0FA0CEF49D66}.Debug|Any CPU.Build.0 = Debug|Any CPU
		{BFEEBED8-089C-45DD-B639-0FA0CEF49D66}.Release|Any CPU.ActiveCfg = Release|Any CPU
		{BFEEBED8-089C-45DD-B639-0FA0CEF49D66}.Release|Any CPU.Build.0 = Release|Any CPU
	EndGlobalSection
	GlobalSection(SolutionProperties) = preSolution
		HideSolutionNode = FALSE
	EndGlobalSection
	GlobalSection(ExtensibilityGlobals) = postSolution
		SolutionGuid = {0ABB71E8-475F-4681-8A33-2EDD0582FDAD}
	EndGlobalSection
EndGlobal
